
Microsoft Visual Studio Solution File, Format Version 12.00
# Visual Studio 15
VisualStudioVersion = 15.0.28307.168
MinimumVisualStudioVersion = 10.0.40219.1
Project("{FAE04EC0-301F-11D3-BF4B-00C04F79EFBC}") = "ImportaExcelSql", "ImportaExcelSql\ImportaExcelSql.csproj", "{EED313DF-1F5A-4C0E-8687-4E88E0313B9D}"
EndProject
Global
	GlobalSection(SolutionConfigurationPlatforms) = preSolution
		Debug|Any CPU = Debug|Any CPU
		Release|Any CPU = Release|Any CPU
	EndGlobalSection
	GlobalSection(ProjectConfigurationPlatforms) = postSolution
		{EED313DF-1F5A-4C0E-8687-4E88E0313B9D}.Debug|Any CPU.ActiveCfg = Debug|Any CPU
		{EED313DF-1F5A-4C0E-8687-4E88E0313B9D}.Debug|Any CPU.Build.0 = Debug|Any CPU
		{EED313DF-1F5A-4C0E-8687-4E88E0313B9D}.Release|Any CPU.ActiveCfg = Release|Any CPU
		{EED313DF-1F5A-4C0E-8687-4E88E0313B9D}.Release|Any CPU.Build.0 = Release|Any CPU
	EndGlobalSection
	GlobalSection(SolutionProperties) = preSolution
		HideSolutionNode = FALSE
	EndGlobalSection
	GlobalSection(ExtensibilityGlobals) = postSolution
		SolutionGuid = {31EC4CFA-210A-49A5-8539-89AEC46E1C9C}
	EndGlobalSection
EndGlobal
